
Microsoft Visual Studio Solution File, Format Version 12.00
# Visual Studio 2012
Project("{FAE04EC0-301F-11D3-BF4B-00C04F79EFBC}") = "WebAPI", "WebAPI\WebAPI.csproj", "{1EAE9F7E-0E6A-4993-A5B2-3B683EE1DE5E}"
EndProject
Project("{FAE04EC0-301F-11D3-BF4B-00C04F79EFBC}") = "Client", "Client\Client.csproj", "{B871D09F-74D7-4437-A4FF-EF8473CB4304}"
EndProject
Global
	GlobalSection(SolutionConfigurationPlatforms) = preSolution
		Debug|Any CPU = Debug|Any CPU
		Release|Any CPU = Release|Any CPU
	EndGlobalSection
	GlobalSection(ProjectConfigurationPlatforms) = postSolution
		{1EAE9F7E-0E6A-4993-A5B2-3B683EE1DE5E}.Debug|Any CPU.ActiveCfg = Debug|Any CPU
		{1EAE9F7E-0E6A-4993-A5B2-3B683EE1DE5E}.Debug|Any CPU.Build.0 = Debug|Any CPU
		{1EAE9F7E-0E6A-4993-A5B2-3B683EE1DE5E}.Release|Any CPU.ActiveCfg = Release|Any CPU
		{1EAE9F7E-0E6A-4993-A5B2-3B683EE1DE5E}.Release|Any CPU.Build.0 = Release|Any CPU
		{B871D09F-74D7-4437-A4FF-EF8473CB4304}.Debug|Any CPU.ActiveCfg = Debug|Any CPU
		{B871D09F-74D7-4437-A4FF-EF8473CB4304}.Debug|Any CPU.Build.0 = Debug|Any CPU
		{B871D09F-74D7-4437-A4FF-EF8473CB4304}.Release|Any CPU.ActiveCfg = Release|Any CPU
		{B871D09F-74D7-4437-A4FF-EF8473CB4304}.Release|Any CPU.Build.0 = Release|Any CPU
	EndGlobalSection
	GlobalSection(SolutionProperties) = preSolution
		HideSolutionNode = FALSE
	EndGlobalSection
EndGlobal
